
Microsoft Visual Studio Solution File, Format Version 12.00
# Visual Studio Version 17
VisualStudioVersion = 17.0.31903.59
MinimumVisualStudioVersion = 10.0.40219.1
Project("{FAE04EC0-301F-11D3-BF4B-00C04F79EFBC}") = "Portal", "Portal\Portal.csproj", "{DC9CF1ED-AA87-4CFD-9D9B-F916A7D98E3D}"
EndProject
Project("{FAE04EC0-301F-11D3-BF4B-00C04F79EFBC}") = "SaaSApplication", "SaaSApplication\SaaSApplication.csproj", "{E86808FE-46B5-4A14-A7DB-E886D8B2BD11}"
EndProject
Global
	GlobalSection(SolutionConfigurationPlatforms) = preSolution
		Debug|Any CPU = Debug|Any CPU
		Release|Any CPU = Release|Any CPU
	EndGlobalSection
	GlobalSection(SolutionProperties) = preSolution
		HideSolutionNode = FALSE
	EndGlobalSection
	GlobalSection(ProjectConfigurationPlatforms) = postSolution
		{DC9CF1ED-AA87-4CFD-9D9B-F916A7D98E3D}.Debug|Any CPU.ActiveCfg = Debug|Any CPU
		{DC9CF1ED-AA87-4CFD-9D9B-F916A7D98E3D}.Debug|Any CPU.Build.0 = Debug|Any CPU
		{DC9CF1ED-AA87-4CFD-9D9B-F916A7D98E3D}.Release|Any CPU.ActiveCfg = Release|Any CPU
		{DC9CF1ED-AA87-4CFD-9D9B-F916A7D98E3D}.Release|Any CPU.Build.0 = Release|Any CPU
		{E86808FE-46B5-4A14-A7DB-E886D8B2BD11}.Debug|Any CPU.ActiveCfg = Debug|Any CPU
		{E86808FE-46B5-4A14-A7DB-E886D8B2BD11}.Debug|Any CPU.Build.0 = Debug|Any CPU
		{E86808FE-46B5-4A14-A7DB-E886D8B2BD11}.Release|Any CPU.ActiveCfg = Release|Any CPU
		{E86808FE-46B5-4A14-A7DB-E886D8B2BD11}.Release|Any CPU.Build.0 = Release|Any CPU
	EndGlobalSection
EndGlobal
